# This file is automatically @generated by Cargo.
# It is not intended for manual editing.
[[package]]
name = "fere-common"
version = "0.0.0"

[[package]]
name = "fere-core"
version = "0.0.0"

[[package]]
name = "fere-examples"
version = "0.0.0"

[[package]]
name = "fere-resources"
version = "0.0.0"
